
Microsoft Visual Studio Solution File, Format Version 11.00
# Visual Studio 2010
Project("{FAE04EC0-301F-11D3-BF4B-00C04F79EFBC}") = "AsyncDemo", "AsyncDemo.csproj", "{D5CD0F4A-6377-4287-87FC-78143F753FF2}"
EndProject
Global
	GlobalSection(SolutionConfigurationPlatforms) = preSolution
		Debug|iPhoneSimulator = Debug|iPhoneSimulator
		Release|iPhoneSimulator = Release|iPhoneSimulator
		Debug|iPhone = Debug|iPhone
		Release|iPhone = Release|iPhone
		Ad-Hoc|iPhone = Ad-Hoc|iPhone
		AppStore|iPhone = AppStore|iPhone
	EndGlobalSection
	GlobalSection(ProjectConfigurationPlatforms) = postSolution
		{D5CD0F4A-6377-4287-87FC-78143F753FF2}.Ad-Hoc|iPhone.ActiveCfg = Ad-Hoc|iPhone
		{D5CD0F4A-6377-4287-87FC-78143F753FF2}.Ad-Hoc|iPhone.Build.0 = Ad-Hoc|iPhone
		{D5CD0F4A-6377-4287-87FC-78143F753FF2}.AppStore|iPhone.ActiveCfg = AppStore|iPhone
		{D5CD0F4A-6377-4287-87FC-78143F753FF2}.AppStore|iPhone.Build.0 = AppStore|iPhone
		{D5CD0F4A-6377-4287-87FC-78143F753FF2}.Debug|iPhone.ActiveCfg = Debug|iPhone
		{D5CD0F4A-6377-4287-87FC-78143F753FF2}.Debug|iPhone.Build.0 = Debug|iPhone
		{D5CD0F4A-6377-4287-87FC-78143F753FF2}.Debug|iPhoneSimulator.ActiveCfg = Debug|iPhoneSimulator
		{D5CD0F4A-6377-4287-87FC-78143F753FF2}.Debug|iPhoneSimulator.Build.0 = Debug|iPhoneSimulator
		{D5CD0F4A-6377-4287-87FC-78143F753FF2}.Release|iPhone.ActiveCfg = Release|iPhone
		{D5CD0F4A-6377-4287-87FC-78143F753FF2}.Release|iPhone.Build.0 = Release|iPhone
		{D5CD0F4A-6377-4287-87FC-78143F753FF2}.Release|iPhoneSimulator.ActiveCfg = Release|iPhoneSimulator
		{D5CD0F4A-6377-4287-87FC-78143F753FF2}.Release|iPhoneSimulator.Build.0 = Release|iPhoneSimulator
	EndGlobalSection
	GlobalSection(MonoDevelopProperties) = preSolution
		StartupItem = AsyncDemo.csproj
	EndGlobalSection
EndGlobal
